lockfileVersion: '6.0'

settings:
  autoInstallPeers: true
  excludeLinksFromLockfile: false

dependencies:
  '@types/lodash':
    specifier: ^4.17.4
    version: 4.17.4
  canvas-nest.js:
    specifier: ^2.0.4
    version: 2.0.4

devDependencies:
  vue-particles:
    specifier: ^1.0.9
    version: 1.0.9

packages:

  /@babel/helper-string-parser@7.24.6:
    resolution: {integrity: sha512-WdJjwMEkmBicq5T9fm/cHND3+UlFa2Yj8ALLgmoSQAJZysYbBjw+azChSGPN4DSPLXOcooGRvDwZWMcF/mLO2Q==}
    engines: {node: '>=6.9.0'}
    dev: true

  /@babel/helper-validator-identifier@7.24.6:
    resolution: {integrity: sha512-4yA7s865JHaqUdRbnaxarZREuPTHrjpDT+pXoAZ1yhyo6uFnIEpS8VMu16siFOHDpZNKYv5BObhsB//ycbICyw==}
    engines: {node: '>=6.9.0'}
    dev: true

  /@babel/parser@7.24.6:
    resolution: {integrity: sha512-eNZXdfU35nJC2h24RznROuOpO94h6x8sg9ju0tT9biNtLZ2vuP8SduLqqV+/8+cebSLV9SJEAN5Z3zQbJG/M+Q==}
    engines: {node: '>=6.0.0'}
    hasBin: true
    dependencies:
      '@babel/types': 7.24.6
    dev: true

  /@babel/types@7.24.6:
    resolution: {integrity: sha512-WaMsgi6Q8zMgMth93GvWPXkhAIEobfsIkLTacoVZoK1J0CevIPGYY2Vo5YvJGqyHqXM6P4ppOYGsIRU8MM9pFQ==}
    engines: {node: '>=6.9.0'}
    dependencies:
      '@babel/helper-string-parser': 7.24.6
      '@babel/helper-validator-identifier': 7.24.6
      to-fast-properties: 2.0.0
    dev: true

  /@types/lodash@4.17.4:
    resolution: {integrity: sha512-wYCP26ZLxaT3R39kiN2+HcJ4kTd3U1waI/cY7ivWYqFP6pW3ZNpvi6Wd6PHZx7T/t8z0vlkXMg3QYLa7DZ/IJQ==}
    dev: false

  /@vue/compiler-sfc@2.7.16:
    resolution: {integrity: sha512-KWhJ9k5nXuNtygPU7+t1rX6baZeqOYLEforUPjgNDBnLicfHCoi48H87Q8XyLZOrNNsmhuwKqtpDQWjEFe6Ekg==}
    dependencies:
      '@babel/parser': 7.24.6
      postcss: 8.4.38
      source-map: 0.6.1
    optionalDependencies:
      prettier: 2.8.8
    dev: true

  /canvas-nest.js@2.0.4:
    resolution: {integrity: sha512-Wgc+39fQBIP8fm9+Rq+Zt6+QLHZRsIKpaOQPL5KcWPlXTAalCKY4KCuklY7qzzZqBRF/t2APIrk+PuRw6ZlOog==}
    dependencies:
      size-sensor: 0.2.6
    dev: false

  /csstype@3.1.3:
    resolution: {integrity: sha512-M1uQkMl8rQK/szD0LNhtqxIPLpimGm8sOBwU7lLnCpSbTyY3yeU1Vc7l4KT5zT4s/yOxHH5O7tIuuLOCnLADRw==}
    dev: true

  /nanoid@3.3.7:
    resolution: {integrity: sha512-eSRppjcPIatRIMC1U6UngP8XFcz8MQWGQdt1MTBQ7NaAmvXDfvNxbvWV3x2y6CdEUciCSsDHDQZbhYaB8QEo2g==}
    engines: {node: ^10 || ^12 || ^13.7 || ^14 || >=15.0.1}
    hasBin: true
    dev: true

  /particles.js@2.0.0:
    resolution: {integrity: sha512-8e0JIqkRbMMPlFBnF9f+92hX1s07jdkd3tqB8uHE9L+cwGGjIYjQM7QLgt0FQ5MZp6SFFYYDm/Y48pqK3ZvJOQ==}
    dev: true

  /picocolors@1.0.1:
    resolution: {integrity: sha512-anP1Z8qwhkbmu7MFP5iTt+wQKXgwzf7zTyGlcdzabySa9vd0Xt392U0rVmz9poOaBj0uHJKyyo9/upk0HrEQew==}
    dev: true

  /postcss@8.4.38:
    resolution: {integrity: sha512-Wglpdk03BSfXkHoQa3b/oulrotAkwrlLDRSOb9D0bN86FdRyE9lppSp33aHNPgBa0JKCoB+drFLZkQoRRYae5A==}
    engines: {node: ^10 || ^12 || >=14}
    dependencies:
      nanoid: 3.3.7
      picocolors: 1.0.1
      source-map-js: 1.2.0
    dev: true

  /prettier@2.8.8:
    resolution: {integrity: sha512-tdN8qQGvNjw4CHbY+XXk0JgCXn9QiF21a55rBe5LJAU+kDyC4WQn4+awm2Xfk2lQMk5fKup9XgzTZtGkjBdP9Q==}
    engines: {node: '>=10.13.0'}
    hasBin: true
    requiresBuild: true
    dev: true
    optional: true

  /size-sensor@0.2.6:
    resolution: {integrity: sha512-0EZ0tXXjyRl9R9+JpoBdH57Xpnbf5NTyDdj7fnFL6KqCsdKyah286ShMflnV2SonnrSFH4OAT/52Jy8qqnoerg==}
    dev: false

  /source-map-js@1.2.0:
    resolution: {integrity: sha512-itJW8lvSA0TXEphiRoawsCksnlf8SyvmFzIhltqAHluXd88pkCd+cXJVHTDwdCr0IzwptSm035IHQktUu1QUMg==}
    engines: {node: '>=0.10.0'}
    dev: true

  /source-map@0.6.1:
    resolution: {integrity: sha512-UjgapumWlbMhkBgzT7Ykc5YXUT46F0iKu8SGXq0bcwP5dz/h0Plj6enJqjz1Zbq2l5WaqYnrVbwWOWMyF3F47g==}
    engines: {node: '>=0.10.0'}
    dev: true

  /to-fast-properties@2.0.0:
    resolution: {integrity: sha512-/OaKK0xYrs3DmxRYqL/yDc+FxFUVYhDlXMhRmv3z915w2HF1tnN1omB354j8VUGO/hbRzyD6Y3sA7v7GS/ceog==}
    engines: {node: '>=4'}
    dev: true

  /vue-particles@1.0.9:
    resolution: {integrity: sha512-9MUkX6Sq1x7guUHoN4Br4Dwtb+gY1t+uJMg0wxJtKKOURe/zS+8PsKwMhspCfl4ch3EM5nrwhASVX2UizKb41w==}
    engines: {node: '>= 4.0.0', npm: '>= 3.0.0'}
    dependencies:
      particles.js: 2.0.0
      vue: 2.7.16
    dev: true

  /vue@2.7.16:
    resolution: {integrity: sha512-4gCtFXaAA3zYZdTp5s4Hl2sozuySsgz4jy1EnpBHNfpMa9dK1ZCG7viqBPCwXtmgc8nHqUsAu3G4gtmXkkY3Sw==}
    deprecated: Vue 2 has reached EOL and is no longer actively maintained. See https://v2.vuejs.org/eol/ for more details.
    dependencies:
      '@vue/compiler-sfc': 2.7.16
      csstype: 3.1.3
    dev: true
